
Microsoft Visual Studio Solution File, Format Version 12.00
# Visual Studio Version 16
VisualStudioVersion = 25.0.1706.4
MinimumVisualStudioVersion = 10.0.40219.1
Project("{FAE04EC0-301F-11D3-BF4B-00C04F79EFBC}") = "AlgoritmoPalindromos", "AlgoritmoPalindromos\AlgoritmoPalindromos.csproj", "{0EAF7F7A-8DE3-4035-8F9F-07FADF8DFF09}"
EndProject
Global
	GlobalSection(SolutionConfigurationPlatforms) = preSolution
		Debug|Any CPU = Debug|Any CPU
		Release|Any CPU = Release|Any CPU
	EndGlobalSection
	GlobalSection(ProjectConfigurationPlatforms) = postSolution
		{0EAF7F7A-8DE3-4035-8F9F-07FADF8DFF09}.Debug|Any CPU.ActiveCfg = Debug|Any CPU
		{0EAF7F7A-8DE3-4035-8F9F-07FADF8DFF09}.Debug|Any CPU.Build.0 = Debug|Any CPU
		{0EAF7F7A-8DE3-4035-8F9F-07FADF8DFF09}.Release|Any CPU.ActiveCfg = Release|Any CPU
		{0EAF7F7A-8DE3-4035-8F9F-07FADF8DFF09}.Release|Any CPU.Build.0 = Release|Any CPU
	EndGlobalSection
	GlobalSection(SolutionProperties) = preSolution
		HideSolutionNode = FALSE
	EndGlobalSection
	GlobalSection(ExtensibilityGlobals) = postSolution
		SolutionGuid = {0CDC664F-F9E3-494B-8156-1FFA1EA339C4}
	EndGlobalSection
EndGlobal
